// !$*UTF8*$!
{
	archiveVersion = 1;
	classes = {
	};
	objectVersion = 46;
	objects = {

/* Begin PBXBuildFile section */
		044172381C180C510059A7E2 /* LatchViewController.m in Sources */ = {isa = PBXBuildFile; fileRef = 044172371C180C510059A7E2 /* LatchViewController.m */; };
		0441724A1C181D720059A7E2 /* Color.m in Sources */ = {isa = PBXBuildFile; fileRef = 044172471C181D720059A7E2 /* Color.m */; };
		0441724B1C181D720059A7E2 /* LineChart.m in Sources */ = {isa = PBXBuildFile; fileRef = 044172491C181D720059A7E2 /* LineChart.m */; };
		0441724D1C1826A90059A7E2 /* MessageUI.framework in Frameworks */ = {isa = PBXBuildFile; fileRef = 0441724C1C1826A90059A7E2 /* MessageUI.framework */; };
		80E1615A1BF9FAA0005460C7 /* main.m in Sources */ = {isa = PBXBuildFile; fileRef = 80E161591BF9FAA0005460C7 /* main.m */; };
		80E1615D1BF9FAA0005460C7 /* AppDelegate.m in Sources */ = {isa = PBXBuildFile; fileRef = 80E1615C1BF9FAA0005460C7 /* AppDelegate.m */; };
		80E161601BF9FAA0005460C7 /* FirstViewController.m in Sources */ = {isa = PBXBuildFile; fileRef = 80E1615F1BF9FAA0005460C7 /* FirstViewController.m */; };
		80E161631BF9FAA0005460C7 /* SecondViewController.m in Sources */ = {isa = PBXBuildFile; fileRef = 80E161621BF9FAA0005460C7 /* SecondViewController.m */; };
		80E161661BF9FAA0005460C7 /* Main.storyboard in Resources */ = {isa = PBXBuildFile; fileRef = 80E161641BF9FAA0005460C7 /* Main.storyboard */; };
		80E161681BF9FAA0005460C7 /* Assets.xcassets in Resources */ = {isa = PBXBuildFile; fileRef = 80E161671BF9FAA0005460C7 /* Assets.xcassets */; };
		80E1616B1BF9FAA0005460C7 /* LaunchScreen.storyboard in Resources */ = {isa = PBXBuildFile; fileRef = 80E161691BF9FAA0005460C7 /* LaunchScreen.storyboard */; };
		80E161761BF9FAA1005460C7 /* BreastFeedingApplicationTests.m in Sources */ = {isa = PBXBuildFile; fileRef = 80E161751BF9FAA1005460C7 /* BreastFeedingApplicationTests.m */; };
		80E161811BF9FAA1005460C7 /* BreastFeedingApplicationUITests.m in Sources */ = {isa = PBXBuildFile; fileRef = 80E161801BF9FAA1005460C7 /* BreastFeedingApplicationUITests.m */; };
		80E161901BF9FB9A005460C7 /* GraphViewController.m in Sources */ = {isa = PBXBuildFile; fileRef = 80E1618F1BF9FB9A005460C7 /* GraphViewController.m */; };
		80E161931BF9FBD4005460C7 /* ContactViewController.m in Sources */ = {isa = PBXBuildFile; fileRef = 80E161921BF9FBD4005460C7 /* ContactViewController.m */; };
		80E161961BF9FC04005460C7 /* QuoteViewController.m in Sources */ = {isa = PBXBuildFile; fileRef = 80E161951BF9FC04005460C7 /* QuoteViewController.m */; };
		80E161991BF9FC20005460C7 /* FaqViewController.m in Sources */ = {isa = PBXBuildFile; fileRef = 80E161981BF9FC20005460C7 /* FaqViewController.m */; };
		AE3FA8F61C04A11700EAE29A /* bfeed.sqlite in Resources */ = {isa = PBXBuildFile; fileRef = AE3FA8F51C04A11700EAE29A /* bfeed.sqlite */; };
		AE3FA8F81C04A3D300EAE29A /* libsqlite3.tbd in Frameworks */ = {isa = PBXBuildFile; fileRef = AE3FA8F71C04A3D300EAE29A /* libsqlite3.tbd */; };
		AE3FA8FA1C04A43A00EAE29A /* Foundation.framework in Frameworks */ = {isa = PBXBuildFile; fileRef = AE3FA8F91C04A43A00EAE29A /* Foundation.framework */; };
		AE3FA9021C04A68500EAE29A /* UIKit.framework in Frameworks */ = {isa = PBXBuildFile; fileRef = AE3FA9011C04A68500EAE29A /* UIKit.framework */; };
		AE3FA90E1C04A9A000EAE29A /* FMDatabase.m in Sources */ = {isa = PBXBuildFile; fileRef = AE3FA9051C04A9A000EAE29A /* FMDatabase.m */; };
		AE3FA90F1C04A9A000EAE29A /* FMResultSet.m in Sources */ = {isa = PBXBuildFile; fileRef = AE3FA9071C04A9A000EAE29A /* FMResultSet.m */; };
		AE3FA9101C04A9A000EAE29A /* FMDatabaseQueue.m in Sources */ = {isa = PBXBuildFile; fileRef = AE3FA9091C04A9A000EAE29A /* FMDatabaseQueue.m */; };
		AE3FA9111C04A9A000EAE29A /* FMDatabaseAdditions.m in Sources */ = {isa = PBXBuildFile; fileRef = AE3FA90B1C04A9A000EAE29A /* FMDatabaseAdditions.m */; };
		AE3FA9121C04A9A000EAE29A /* FMDatabasePool.m in Sources */ = {isa = PBXBuildFile; fileRef = AE3FA90D1C04A9A000EAE29A /* FMDatabasePool.m */; };
		AE461B981C048D63004DEEB6 /* DataModel.m in Sources */ = {isa = PBXBuildFile; fileRef = AE461B971C048D63004DEEB6 /* DataModel.m */; };
		AE461BB21C048D74004DEEB6 /* Syncdata.m in Sources */ = {isa = PBXBuildFile; fileRef = AE461BA01C048D74004DEEB6 /* Syncdata.m */; };
		DD0C8B971C17DC81004B0320 /* LoginViewController.m in Sources */ = {isa = PBXBuildFile; fileRef = DD0C8B961C17DC81004B0320 /* LoginViewController.m */; };
		DD0C8B9A1C17E01E004B0320 /* SignUpViewController.m in Sources */ = {isa = PBXBuildFile; fileRef = DD0C8B991C17E01E004B0320 /* SignUpViewController.m */; };
		DD685B211C19D2D10017CA9D /* docloginViewController.m in Sources */ = {isa = PBXBuildFile; fileRef = DD685B1C1C19D2D10017CA9D /* docloginViewController.m */; settings = {ASSET_TAGS = (); }; };
		DD685B221C19D2D10017CA9D /* LoginViewController.m in Sources */ = {isa = PBXBuildFile; fileRef = DD685B1E1C19D2D10017CA9D /* LoginViewController.m */; settings = {ASSET_TAGS = (); }; };
		DD685B231C19D2D10017CA9D /* SecondViewController.m in Sources */ = {isa = PBXBuildFile; fileRef = DD685B201C19D2D10017CA9D /* SecondViewController.m */; settings = {ASSET_TAGS = (); }; };
/* End PBXBuildFile section */

/* Begin PBXContainerItemProxy section */
		80E161721BF9FAA1005460C7 /* PBXContainerItemProxy */ = {
			isa = PBXContainerItemProxy;
			containerPortal = 80E1614D1BF9FAA0005460C7 /* Project object */;
			proxyType = 1;
			remoteGlobalIDString = 80E161541BF9FAA0005460C7;
			remoteInfo = BreastFeedingApplication;
		};
		80E1617D1BF9FAA1005460C7 /* PBXContainerItemProxy */ = {
			isa = PBXContainerItemProxy;
			containerPortal = 80E1614D1BF9FAA0005460C7 /* Project object */;
			proxyType = 1;
			remoteGlobalIDString = 80E161541BF9FAA0005460C7;
			remoteInfo = BreastFeedingApplication;
		};
/* End PBXContainerItemProxy section */

/* Begin PBXFileReference section */
		044172361C180C510059A7E2 /* LatchViewController.h */ = {isa = PBXFileReference; fileEncoding = 4; lastKnownFileType = sourcecode.c.h; path = LatchViewController.h; sourceTree = "<group>"; };
		044172371C180C510059A7E2 /* LatchViewController.m */ = {isa = PBXFileReference; fileEncoding = 4; lastKnownFileType = sourcecode.c.objc; path = LatchViewController.m; sourceTree = "<group>"; };
		044172461C181D720059A7E2 /* Color.h */ = {isa = PBXFileReference; fileEncoding = 4; lastKnownFileType = sourcecode.c.h; path = Color.h; sourceTree = "<group>"; };
		044172471C181D720059A7E2 /* Color.m */ = {isa = PBXFileReference; fileEncoding = 4; lastKnownFileType = sourcecode.c.objc; path = Color.m; sourceTree = "<group>"; };
		044172481C181D720059A7E2 /* LineChart.h */ = {isa = PBXFileReference; fileEncoding = 4; lastKnownFileType = sourcecode.c.h; path = LineChart.h; sourceTree = "<group>"; };
		044172491C181D720059A7E2 /* LineChart.m */ = {isa = PBXFileReference; fileEncoding = 4; lastKnownFileType = sourcecode.c.objc; path = LineChart.m; sourceTree = "<group>"; };
		0441724C1C1826A90059A7E2 /* MessageUI.framework */ = {isa = PBXFileReference; lastKnownFileType = wrapper.framework; name = MessageUI.framework; path = System/Library/Frameworks/MessageUI.framework; sourceTree = SDKROOT; };
		80E161551BF9FAA0005460C7 /* BreastFeedingApplication.app */ = {isa = PBXFileReference; explicitFileType = wrapper.application; includeInIndex = 0; path = BreastFeedingApplication.app; sourceTree = BUILT_PRODUCTS_DIR; };
		80E161591BF9FAA0005460C7 /* main.m */ = {isa = PBXFileReference; lastKnownFileType = sourcecode.c.objc; path = main.m; sourceTree = "<group>"; };
		80E1615B1BF9FAA0005460C7 /* AppDelegate.h */ = {isa = PBXFileReference; lastKnownFileType = sourcecode.c.h; path = AppDelegate.h; sourceTree = "<group>"; };
		80E1615C1BF9FAA0005460C7 /* AppDelegate.m */ = {isa = PBXFileReference; lastKnownFileType = sourcecode.c.objc; path = AppDelegate.m; sourceTree = "<group>"; };
		80E1615E1BF9FAA0005460C7 /* FirstViewController.h */ = {isa = PBXFileReference; lastKnownFileType = sourcecode.c.h; path = FirstViewController.h; sourceTree = "<group>"; };
		80E1615F1BF9FAA0005460C7 /* FirstViewController.m */ = {isa = PBXFileReference; lastKnownFileType = sourcecode.c.objc; path = FirstViewController.m; sourceTree = "<group>"; };
		80E161611BF9FAA0005460C7 /* SecondViewController.h */ = {isa = PBXFileReference; lastKnownFileType = sourcecode.c.h; path = SecondViewController.h; sourceTree = "<group>"; };
		80E161621BF9FAA0005460C7 /* SecondViewController.m */ = {isa = PBXFileReference; lastKnownFileType = sourcecode.c.objc; path = SecondViewController.m; sourceTree = "<group>"; };
		80E161651BF9FAA0005460C7 /* Base */ = {isa = PBXFileReference; lastKnownFileType = file.storyboard; name = Base; path = Base.lproj/Main.storyboard; sourceTree = "<group>"; };
		80E161671BF9FAA0005460C7 /* Assets.xcassets */ = {isa = PBXFileReference; lastKnownFileType = folder.assetcatalog; path = Assets.xcassets; sourceTree = "<group>"; };
		80E1616A1BF9FAA0005460C7 /* Base */ = {isa = PBXFileReference; lastKnownFileType = file.storyboard; name = Base; path = Base.lproj/LaunchScreen.storyboard; sourceTree = "<group>"; };
		80E1616C1BF9FAA0005460C7 /* Info.plist */ = {isa = PBXFileReference; lastKnownFileType = text.plist.xml; path = Info.plist; sourceTree = "<group>"; };
		80E161711BF9FAA1005460C7 /* BreastFeedingApplicationTests.xctest */ = {isa = PBXFileReference; explicitFileType = wrapper.cfbundle; includeInIndex = 0; path = BreastFeedingApplicationTests.xctest; sourceTree = BUILT_PRODUCTS_DIR; };
		80E161751BF9FAA1005460C7 /* BreastFeedingApplicationTests.m */ = {isa = PBXFileReference; lastKnownFileType = sourcecode.c.objc; path = BreastFeedingApplicationTests.m; sourceTree = "<group>"; };
		80E161771BF9FAA1005460C7 /* Info.plist */ = {isa = PBXFileReference; lastKnownFileType = text.plist.xml; path = Info.plist; sourceTree = "<group>"; };
		80E1617C1BF9FAA1005460C7 /* BreastFeedingApplicationUITests.xctest */ = {isa = PBXFileReference; explicitFileType = wrapper.cfbundle; includeInIndex = 0; path = BreastFeedingApplicationUITests.xctest; sourceTree = BUILT_PRODUCTS_DIR; };
		80E161801BF9FAA1005460C7 /* BreastFeedingApplicationUITests.m */ = {isa = PBXFileReference; lastKnownFileType = sourcecode.c.objc; path = BreastFeedingApplicationUITests.m; sourceTree = "<group>"; };
		80E161821BF9FAA1005460C7 /* Info.plist */ = {isa = PBXFileReference; lastKnownFileType = text.plist.xml; path = Info.plist; sourceTree = "<group>"; };
		80E1618E1BF9FB9A005460C7 /* GraphViewController.h */ = {isa = PBXFileReference; fileEncoding = 4; lastKnownFileType = sourcecode.c.h; path = GraphViewController.h; sourceTree = "<group>"; };
		80E1618F1BF9FB9A005460C7 /* GraphViewController.m */ = {isa = PBXFileReference; fileEncoding = 4; lastKnownFileType = sourcecode.c.objc; path = GraphViewController.m; sourceTree = "<group>"; };
		80E161911BF9FBD4005460C7 /* ContactViewController.h */ = {isa = PBXFileReference; fileEncoding = 4; lastKnownFileType = sourcecode.c.h; path = ContactViewController.h; sourceTree = "<group>"; };
		80E161921BF9FBD4005460C7 /* ContactViewController.m */ = {isa = PBXFileReference; fileEncoding = 4; lastKnownFileType = sourcecode.c.objc; path = ContactViewController.m; sourceTree = "<group>"; };
		80E161941BF9FC04005460C7 /* QuoteViewController.h */ = {isa = PBXFileReference; fileEncoding = 4; lastKnownFileType = sourcecode.c.h; path = QuoteViewController.h; sourceTree = "<group>"; };
		80E161951BF9FC04005460C7 /* QuoteViewController.m */ = {isa = PBXFileReference; fileEncoding = 4; lastKnownFileType = sourcecode.c.objc; path = QuoteViewController.m; sourceTree = "<group>"; };
		80E161971BF9FC20005460C7 /* FaqViewController.h */ = {isa = PBXFileReference; fileEncoding = 4; lastKnownFileType = sourcecode.c.h; path = FaqViewController.h; sourceTree = "<group>"; };
		80E161981BF9FC20005460C7 /* FaqViewController.m */ = {isa = PBXFileReference; fileEncoding = 4; lastKnownFileType = sourcecode.c.objc; path = FaqViewController.m; sourceTree = "<group>"; };
		AE3FA8F51C04A11700EAE29A /* bfeed.sqlite */ = {isa = PBXFileReference; lastKnownFileType = file; path = bfeed.sqlite; sourceTree = "<group>"; };
		AE3FA8F71C04A3D300EAE29A /* libsqlite3.tbd */ = {isa = PBXFileReference; lastKnownFileType = "sourcecode.text-based-dylib-definition"; name = libsqlite3.tbd; path = usr/lib/libsqlite3.tbd; sourceTree = SDKROOT; };
		AE3FA8F91C04A43A00EAE29A /* Foundation.framework */ = {isa = PBXFileReference; lastKnownFileType = wrapper.framework; name = Foundation.framework; path = System/Library/Frameworks/Foundation.framework; sourceTree = SDKROOT; };
		AE3FA9011C04A68500EAE29A /* UIKit.framework */ = {isa = PBXFileReference; lastKnownFileType = wrapper.framework; name = UIKit.framework; path = System/Library/Frameworks/UIKit.framework; sourceTree = SDKROOT; };
		AE3FA9031C04A9A000EAE29A /* FMDB.h */ = {isa = PBXFileReference; fileEncoding = 4; lastKnownFileType = sourcecode.c.h; path = FMDB.h; sourceTree = "<group>"; };
		AE3FA9041C04A9A000EAE29A /* FMDatabase.h */ = {isa = PBXFileReference; fileEncoding = 4; lastKnownFileType = sourcecode.c.h; path = FMDatabase.h; sourceTree = "<group>"; };
		AE3FA9051C04A9A000EAE29A /* FMDatabase.m */ = {isa = PBXFileReference; fileEncoding = 4; lastKnownFileType = sourcecode.c.objc; path = FMDatabase.m; sourceTree = "<group>"; };
		AE3FA9061C04A9A000EAE29A /* FMResultSet.h */ = {isa = PBXFileReference; fileEncoding = 4; lastKnownFileType = sourcecode.c.h; path = FMResultSet.h; sourceTree = "<group>"; };
		AE3FA9071C04A9A000EAE29A /* FMResultSet.m */ = {isa = PBXFileReference; fileEncoding = 4; lastKnownFileType = sourcecode.c.objc; path = FMResultSet.m; sourceTree = "<group>"; };
		AE3FA9081C04A9A000EAE29A /* FMDatabaseQueue.h */ = {isa = PBXFileReference; fileEncoding = 4; lastKnownFileType = sourcecode.c.h; path = FMDatabaseQueue.h; sourceTree = "<group>"; };
		AE3FA9091C04A9A000EAE29A /* FMDatabaseQueue.m */ = {isa = PBXFileReference; fileEncoding = 4; lastKnownFileType = sourcecode.c.objc; path = FMDatabaseQueue.m; sourceTree = "<group>"; };
		AE3FA90A1C04A9A000EAE29A /* FMDatabaseAdditions.h */ = {isa = PBXFileReference; fileEncoding = 4; lastKnownFileType = sourcecode.c.h; path = FMDatabaseAdditions.h; sourceTree = "<group>"; };
		AE3FA90B1C04A9A000EAE29A /* FMDatabaseAdditions.m */ = {isa = PBXFileReference; fileEncoding = 4; lastKnownFileType = sourcecode.c.objc; path = FMDatabaseAdditions.m; sourceTree = "<group>"; };
		AE3FA90C1C04A9A000EAE29A /* FMDatabasePool.h */ = {isa = PBXFileReference; fileEncoding = 4; lastKnownFileType = sourcecode.c.h; path = FMDatabasePool.h; sourceTree = "<group>"; };
		AE3FA90D1C04A9A000EAE29A /* FMDatabasePool.m */ = {isa = PBXFileReference; fileEncoding = 4; lastKnownFileType = sourcecode.c.objc; path = FMDatabasePool.m; sourceTree = "<group>"; };
		AE461B961C048D63004DEEB6 /* DataModel.h */ = {isa = PBXFileReference; fileEncoding = 4; lastKnownFileType = sourcecode.c.h; path = DataModel.h; sourceTree = "<group>"; };
		AE461B971C048D63004DEEB6 /* DataModel.m */ = {isa = PBXFileReference; fileEncoding = 4; lastKnownFileType = sourcecode.c.objc; path = DataModel.m; sourceTree = "<group>"; };
		AE461B9F1C048D74004DEEB6 /* Syncdata.h */ = {isa = PBXFileReference; fileEncoding = 4; lastKnownFileType = sourcecode.c.h; path = Syncdata.h; sourceTree = "<group>"; };
		AE461BA01C048D74004DEEB6 /* Syncdata.m */ = {isa = PBXFileReference; fileEncoding = 4; lastKnownFileType = sourcecode.c.objc; path = Syncdata.m; sourceTree = "<group>"; };
		DD0C8B951C17DC81004B0320 /* LoginViewController.h */ = {isa = PBXFileReference; fileEncoding = 4; lastKnownFileType = sourcecode.c.h; path = LoginViewController.h; sourceTree = "<group>"; };
		DD0C8B961C17DC81004B0320 /* LoginViewController.m */ = {isa = PBXFileReference; fileEncoding = 4; lastKnownFileType = sourcecode.c.objc; path = LoginViewController.m; sourceTree = "<group>"; };
		DD0C8B981C17E01E004B0320 /* SignUpViewController.h */ = {isa = PBXFileReference; fileEncoding = 4; lastKnownFileType = sourcecode.c.h; path = SignUpViewController.h; sourceTree = "<group>"; };
		DD0C8B991C17E01E004B0320 /* SignUpViewController.m */ = {isa = PBXFileReference; fileEncoding = 4; lastKnownFileType = sourcecode.c.objc; path = SignUpViewController.m; sourceTree = "<group>"; };
		DD685B1B1C19D2D10017CA9D /* docloginViewController.h */ = {isa = PBXFileReference; fileEncoding = 4; lastKnownFileType = sourcecode.c.h; path = docloginViewController.h; sourceTree = "<group>"; };
		DD685B1C1C19D2D10017CA9D /* docloginViewController.m */ = {isa = PBXFileReference; fileEncoding = 4; lastKnownFileType = sourcecode.c.objc; path = docloginViewController.m; sourceTree = "<group>"; };
		DD685B1D1C19D2D10017CA9D /* LoginViewController.h */ = {isa = PBXFileReference; fileEncoding = 4; lastKnownFileType = sourcecode.c.h; path = LoginViewController.h; sourceTree = "<group>"; };
		DD685B1E1C19D2D10017CA9D /* LoginViewController.m */ = {isa = PBXFileReference; fileEncoding = 4; lastKnownFileType = sourcecode.c.objc; path = LoginViewController.m; sourceTree = "<group>"; };
		DD685B1F1C19D2D10017CA9D /* SecondViewController.h */ = {isa = PBXFileReference; fileEncoding = 4; lastKnownFileType = sourcecode.c.h; path = SecondViewController.h; sourceTree = "<group>"; };
		DD685B201C19D2D10017CA9D /* SecondViewController.m */ = {isa = PBXFileReference; fileEncoding = 4; lastKnownFileType = sourcecode.c.objc; path = SecondViewController.m; sourceTree = "<group>"; };
/* End PBXFileReference section */

/* Begin PBXFrameworksBuildPhase section */
		80E161521BF9FAA0005460C7 /* Frameworks */ = {
			isa = PBXFrameworksBuildPhase;
			buildActionMask = 2147483647;
			files = (
				0441724D1C1826A90059A7E2 /* MessageUI.framework in Frameworks */,
				AE3FA9021C04A68500EAE29A /* UIKit.framework in Frameworks */,
				AE3FA8FA1C04A43A00EAE29A /* Foundation.framework in Frameworks */,
				AE3FA8F81C04A3D300EAE29A /* libsqlite3.tbd in Frameworks */,
			);
			runOnlyForDeploymentPostprocessing = 0;
		};
		80E1616E1BF9FAA1005460C7 /* Frameworks */ = {
			isa = PBXFrameworksBuildPhase;
			buildActionMask = 2147483647;
			files = (
			);
			runOnlyForDeploymentPostprocessing = 0;
		};
		80E161791BF9FAA1005460C7 /* Frameworks */ = {
			isa = PBXFrameworksBuildPhase;
			buildActionMask = 2147483647;
			files = (
			);
			runOnlyForDeploymentPostprocessing = 0;
		};
/* End PBXFrameworksBuildPhase section */

/* Begin PBXGroup section */
		80E1614C1BF9FAA0005460C7 = {
			isa = PBXGroup;
			children = (
				DD685B1B1C19D2D10017CA9D /* docloginViewController.h */,
				DD685B1C1C19D2D10017CA9D /* docloginViewController.m */,
				DD685B1D1C19D2D10017CA9D /* LoginViewController.h */,
				DD685B1E1C19D2D10017CA9D /* LoginViewController.m */,
				DD685B1F1C19D2D10017CA9D /* SecondViewController.h */,
				DD685B201C19D2D10017CA9D /* SecondViewController.m */,
				0441724C1C1826A90059A7E2 /* MessageUI.framework */,
				044172461C181D720059A7E2 /* Color.h */,
				044172471C181D720059A7E2 /* Color.m */,
				044172481C181D720059A7E2 /* LineChart.h */,
				044172491C181D720059A7E2 /* LineChart.m */,
				044172361C180C510059A7E2 /* LatchViewController.h */,
				044172371C180C510059A7E2 /* LatchViewController.m */,
				AE3FA9011C04A68500EAE29A /* UIKit.framework */,
				AE3FA8F91C04A43A00EAE29A /* Foundation.framework */,
				AE3FA8F71C04A3D300EAE29A /* libsqlite3.tbd */,
				80E161571BF9FAA0005460C7 /* BreastFeedingApplication */,
				80E161741BF9FAA1005460C7 /* BreastFeedingApplicationTests */,
				80E1617F1BF9FAA1005460C7 /* BreastFeedingApplicationUITests */,
				80E161561BF9FAA0005460C7 /* Products */,
			);
			sourceTree = "<group>";
		};
		80E161561BF9FAA0005460C7 /* Products */ = {
			isa = PBXGroup;
			children = (
				80E161551BF9FAA0005460C7 /* BreastFeedingApplication.app */,
				80E161711BF9FAA1005460C7 /* BreastFeedingApplicationTests.xctest */,
				80E1617C1BF9FAA1005460C7 /* BreastFeedingApplicationUITests.xctest */,
			);
			name = Products;
			sourceTree = "<group>";
		};
		80E161571BF9FAA0005460C7 /* BreastFeedingApplication */ = {
			isa = PBXGroup;
			children = (
				AE461BBA1C048DD6004DEEB6 /* Libs */,
				AE461B941C048D46004DEEB6 /* Data Modal */,
				80E1615B1BF9FAA0005460C7 /* AppDelegate.h */,
				80E1615C1BF9FAA0005460C7 /* AppDelegate.m */,
				80E1615E1BF9FAA0005460C7 /* FirstViewController.h */,
				80E1615F1BF9FAA0005460C7 /* FirstViewController.m */,
				80E161611BF9FAA0005460C7 /* SecondViewController.h */,
				80E161621BF9FAA0005460C7 /* SecondViewController.m */,
				80E161641BF9FAA0005460C7 /* Main.storyboard */,
				80E161671BF9FAA0005460C7 /* Assets.xcassets */,
				80E161691BF9FAA0005460C7 /* LaunchScreen.storyboard */,
				80E1616C1BF9FAA0005460C7 /* Info.plist */,
				80E161581BF9FAA0005460C7 /* Supporting Files */,
				80E1618E1BF9FB9A005460C7 /* GraphViewController.h */,
				80E1618F1BF9FB9A005460C7 /* GraphViewController.m */,
				80E161911BF9FBD4005460C7 /* ContactViewController.h */,
				80E161921BF9FBD4005460C7 /* ContactViewController.m */,
				80E161941BF9FC04005460C7 /* QuoteViewController.h */,
				80E161951BF9FC04005460C7 /* QuoteViewController.m */,
				80E161971BF9FC20005460C7 /* FaqViewController.h */,
				80E161981BF9FC20005460C7 /* FaqViewController.m */,
				DD0C8B951C17DC81004B0320 /* LoginViewController.h */,
				DD0C8B961C17DC81004B0320 /* LoginViewController.m */,
			);
			path = BreastFeedingApplication;
			sourceTree = "<group>";
		};
		80E161581BF9FAA0005460C7 /* Supporting Files */ = {
			isa = PBXGroup;
			children = (
				AE3FA8F51C04A11700EAE29A /* bfeed.sqlite */,
				80E161591BF9FAA0005460C7 /* main.m */,
				DD0C8B981C17E01E004B0320 /* SignUpViewController.h */,
				DD0C8B991C17E01E004B0320 /* SignUpViewController.m */,
			);
			name = "Supporting Files";
			sourceTree = "<group>";
		};
		80E161741BF9FAA1005460C7 /* BreastFeedingApplicationTests */ = {
			isa = PBXGroup;
			children = (
				80E161751BF9FAA1005460C7 /* BreastFeedingApplicationTests.m */,
				80E161771BF9FAA1005460C7 /* Info.plist */,
			);
			path = BreastFeedingApplicationTests;
			sourceTree = "<group>";
		};
		80E1617F1BF9FAA1005460C7 /* BreastFeedingApplicationUITests */ = {
			isa = PBXGroup;
			children = (
				80E161801BF9FAA1005460C7 /* BreastFeedingApplicationUITests.m */,
				80E161821BF9FAA1005460C7 /* Info.plist */,
			);
			path = BreastFeedingApplicationUITests;
			sourceTree = "<group>";
		};
		AE461B941C048D46004DEEB6 /* Data Modal */ = {
			isa = PBXGroup;
			children = (
				AE461B951C048D52004DEEB6 /* Objects */,
				AE461B971C048D63004DEEB6 /* DataModel.m */,
				AE461B961C048D63004DEEB6 /* DataModel.h */,
			);
			name = "Data Modal";
			sourceTree = "<group>";
		};
		AE461B951C048D52004DEEB6 /* Objects */ = {
			isa = PBXGroup;
			children = (
				AE461B9F1C048D74004DEEB6 /* Syncdata.h */,
				AE461BA01C048D74004DEEB6 /* Syncdata.m */,
			);
			name = Objects;
			sourceTree = "<group>";
		};
		AE461BBA1C048DD6004DEEB6 /* Libs */ = {
			isa = PBXGroup;
			children = (
				AE461BBB1C048DE1004DEEB6 /* FMDB */,
			);
			name = Libs;
			sourceTree = "<group>";
		};
		AE461BBB1C048DE1004DEEB6 /* FMDB */ = {
			isa = PBXGroup;
			children = (
				AE3FA9031C04A9A000EAE29A /* FMDB.h */,
				AE3FA9041C04A9A000EAE29A /* FMDatabase.h */,
				AE3FA9051C04A9A000EAE29A /* FMDatabase.m */,
				AE3FA9061C04A9A000EAE29A /* FMResultSet.h */,
				AE3FA9071C04A9A000EAE29A /* FMResultSet.m */,
				AE3FA9081C04A9A000EAE29A /* FMDatabaseQueue.h */,
				AE3FA9091C04A9A000EAE29A /* FMDatabaseQueue.m */,
				AE3FA90A1C04A9A000EAE29A /* FMDatabaseAdditions.h */,
				AE3FA90B1C04A9A000EAE29A /* FMDatabaseAdditions.m */,
				AE3FA90C1C04A9A000EAE29A /* FMDatabasePool.h */,
				AE3FA90D1C04A9A000EAE29A /* FMDatabasePool.m */,
				AE461BBC1C048DF3004DEEB6 /* ObjSqlite */,
			);
			name = FMDB;
			sourceTree = "<group>";
		};
		AE461BBC1C048DF3004DEEB6 /* ObjSqlite */ = {
			isa = PBXGroup;
			children = (
			);
			name = ObjSqlite;
			sourceTree = "<group>";
		};
/* End PBXGroup section */

/* Begin PBXNativeTarget section */
		80E161541BF9FAA0005460C7 /* BreastFeedingApplication */ = {
			isa = PBXNativeTarget;
			buildConfigurationList = 80E161851BF9FAA1005460C7 /* Build configuration list for PBXNativeTarget "BreastFeedingApplication" */;
			buildPhases = (
				80E161511BF9FAA0005460C7 /* Sources */,
				80E161521BF9FAA0005460C7 /* Frameworks */,
				80E161531BF9FAA0005460C7 /* Resources */,
			);
			buildRules = (
			);
			dependencies = (
			);
			name = BreastFeedingApplication;
			productName = BreastFeedingApplication;
			productReference = 80E161551BF9FAA0005460C7 /* BreastFeedingApplication.app */;
			productType = "com.apple.product-type.application";
		};
		80E161701BF9FAA1005460C7 /* BreastFeedingApplicationTests */ = {
			isa = PBXNativeTarget;
			buildConfigurationList = 80E161881BF9FAA1005460C7 /* Build configuration list for PBXNativeTarget "BreastFeedingApplicationTests" */;
			buildPhases = (
				80E1616D1BF9FAA1005460C7 /* Sources */,
				80E1616E1BF9FAA1005460C7 /* Frameworks */,
				80E1616F1BF9FAA1005460C7 /* Resources */,
			);
			buildRules = (
			);
			dependencies = (
				80E161731BF9FAA1005460C7 /* PBXTargetDependency */,
			);
			name = BreastFeedingApplicationTests;
			productName = BreastFeedingApplicationTests;
			productReference = 80E161711BF9FAA1005460C7 /* BreastFeedingApplicationTests.xctest */;
			productType = "com.apple.product-type.bundle.unit-test";
		};
		80E1617B1BF9FAA1005460C7 /* BreastFeedingApplicationUITests */ = {
			isa = PBXNativeTarget;
			buildConfigurationList = 80E1618B1BF9FAA1005460C7 /* Build configuration list for PBXNativeTarget "BreastFeedingApplicationUITests" */;
			buildPhases = (
				80E161781BF9FAA1005460C7 /* Sources */,
				80E161791BF9FAA1005460C7 /* Frameworks */,
				80E1617A1BF9FAA1005460C7 /* Resources */,
			);
			buildRules = (
			);
			dependencies = (
				80E1617E1BF9FAA1005460C7 /* PBXTargetDependency */,
			);
			name = BreastFeedingApplicationUITests;
			productName = BreastFeedingApplicationUITests;
			productReference = 80E1617C1BF9FAA1005460C7 /* BreastFeedingApplicationUITests.xctest */;
			productType = "com.apple.product-type.bundle.ui-testing";
		};
/* End PBXNativeTarget section */

/* Begin PBXProject section */
		80E1614D1BF9FAA0005460C7 /* Project object */ = {
			isa = PBXProject;
			attributes = {
				LastUpgradeCheck = 0710;
				ORGANIZATIONNAME = "Prateek Panjwani";
				TargetAttributes = {
					80E161541BF9FAA0005460C7 = {
						CreatedOnToolsVersion = 7.1.1;
						DevelopmentTeam = 4BQJ945BK2;
					};
					80E161701BF9FAA1005460C7 = {
						CreatedOnToolsVersion = 7.1.1;
						TestTargetID = 80E161541BF9FAA0005460C7;
					};
					80E1617B1BF9FAA1005460C7 = {
						CreatedOnToolsVersion = 7.1.1;
						TestTargetID = 80E161541BF9FAA0005460C7;
					};
				};
			};
			buildConfigurationList = 80E161501BF9FAA0005460C7 /* Build configuration list for PBXProject "BreastFeedingApplication" */;
			compatibilityVersion = "Xcode 3.2";
			developmentRegion = English;
			hasScannedForEncodings = 0;
			knownRegions = (
				en,
				Base,
			);
			mainGroup = 80E1614C1BF9FAA0005460C7;
			productRefGroup = 80E161561BF9FAA0005460C7 /* Products */;
			projectDirPath = "";
			projectRoot = "";
			targets = (
				80E161541BF9FAA0005460C7 /* BreastFeedingApplication */,
				80E161701BF9FAA1005460C7 /* BreastFeedingApplicationTests */,
				80E1617B1BF9FAA1005460C7 /* BreastFeedingApplicationUITests */,
			);
		};
/* End PBXProject section */

/* Begin PBXResourcesBuildPhase section */
		80E161531BF9FAA0005460C7 /* Resources */ = {
			isa = PBXResourcesBuildPhase;
			buildActionMask = 2147483647;
			files = (
				80E1616B1BF9FAA0005460C7 /* LaunchScreen.storyboard in Resources */,
				80E161681BF9FAA0005460C7 /* Assets.xcassets in Resources */,
				AE3FA8F61C04A11700EAE29A /* bfeed.sqlite in Resources */,
				80E161661BF9FAA0005460C7 /* Main.storyboard in Resources */,
			);
			runOnlyForDeploymentPostprocessing = 0;
		};
		80E1616F1BF9FAA1005460C7 /* Resources */ = {
			isa = PBXResourcesBuildPhase;
			buildActionMask = 2147483647;
			files = (
			);
			runOnlyForDeploymentPostprocessing = 0;
		};
		80E1617A1BF9FAA1005460C7 /* Resources */ = {
			isa = PBXResourcesBuildPhase;
			buildActionMask = 2147483647;
			files = (
			);
			runOnlyForDeploymentPostprocessing = 0;
		};
/* End PBXResourcesBuildPhase section */

/* Begin PBXSourcesBuildPhase section */
		80E161511BF9FAA0005460C7 /* Sources */ = {
			isa = PBXSourcesBuildPhase;
			buildActionMask = 2147483647;
			files = (
				80E161631BF9FAA0005460C7 /* SecondViewController.m in Sources */,
				80E161931BF9FBD4005460C7 /* ContactViewController.m in Sources */,
				0441724A1C181D720059A7E2 /* Color.m in Sources */,
				AE461B981C048D63004DEEB6 /* DataModel.m in Sources */,
				DD685B211C19D2D10017CA9D /* docloginViewController.m in Sources */,
				80E1615D1BF9FAA0005460C7 /* AppDelegate.m in Sources */,
				DD0C8B9A1C17E01E004B0320 /* SignUpViewController.m in Sources */,
				AE3FA9101C04A9A000EAE29A /* FMDatabaseQueue.m in Sources */,
				AE3FA9111C04A9A000EAE29A /* FMDatabaseAdditions.m in Sources */,
				AE461BB21C048D74004DEEB6 /* Syncdata.m in Sources */,
				AE3FA9121C04A9A000EAE29A /* FMDatabasePool.m in Sources */,
				DD685B231C19D2D10017CA9D /* SecondViewController.m in Sources */,
				DD0C8B971C17DC81004B0320 /* LoginViewController.m in Sources */,
				80E161601BF9FAA0005460C7 /* FirstViewController.m in Sources */,
				0441724B1C181D720059A7E2 /* LineChart.m in Sources */,
				AE3FA90F1C04A9A000EAE29A /* FMResultSet.m in Sources */,
				80E161901BF9FB9A005460C7 /* GraphViewController.m in Sources */,
				80E161991BF9FC20005460C7 /* FaqViewController.m in Sources */,
				80E161961BF9FC04005460C7 /* QuoteViewController.m in Sources */,
				AE3FA90E1C04A9A000EAE29A /* FMDatabase.m in Sources */,
				80E1615A1BF9FAA0005460C7 /* main.m in Sources */,
				DD685B221C19D2D10017CA9D /* LoginViewController.m in Sources */,
				044172381C180C510059A7E2 /* LatchViewController.m in Sources */,
			);
			runOnlyForDeploymentPostprocessing = 0;
		};
		80E1616D1BF9FAA1005460C7 /* Sources */ = {
			isa = PBXSourcesBuildPhase;
			buildActionMask = 2147483647;
			files = (
				80E161761BF9FAA1005460C7 /* BreastFeedingApplicationTests.m in Sources */,
			);
			runOnlyForDeploymentPostprocessing = 0;
		};
		80E161781BF9FAA1005460C7 /* Sources */ = {
			isa = PBXSourcesBuildPhase;
			buildActionMask = 2147483647;
			files = (
				80E161811BF9FAA1005460C7 /* BreastFeedingApplicationUITests.m in Sources */,
			);
			runOnlyForDeploymentPostprocessing = 0;
		};
/* End PBXSourcesBuildPhase section */

/* Begin PBXTargetDependency section */
		80E161731BF9FAA1005460C7 /* PBXTargetDependency */ = {
			isa = PBXTargetDependency;
			target = 80E161541BF9FAA0005460C7 /* BreastFeedingApplication */;
			targetProxy = 80E161721BF9FAA1005460C7 /* PBXContainerItemProxy */;
		};
		80E1617E1BF9FAA1005460C7 /* PBXTargetDependency */ = {
			isa = PBXTargetDependency;
			target = 80E161541BF9FAA0005460C7 /* BreastFeedingApplication */;
			targetProxy = 80E1617D1BF9FAA1005460C7 /* PBXContainerItemProxy */;
		};
/* End PBXTargetDependency section */

/* Begin PBXVariantGroup section */
		80E161641BF9FAA0005460C7 /* Main.storyboard */ = {
			isa = PBXVariantGroup;
			children = (
				80E161651BF9FAA0005460C7 /* Base */,
			);
			name = Main.storyboard;
			sourceTree = "<group>";
		};
		80E161691BF9FAA0005460C7 /* LaunchScreen.storyboard */ = {
			isa = PBXVariantGroup;
			children = (
				80E1616A1BF9FAA0005460C7 /* Base */,
			);
			name = LaunchScreen.storyboard;
			sourceTree = "<group>";
		};
/* End PBXVariantGroup section */

/* Begin XCBuildConfiguration section */
		80E161831BF9FAA1005460C7 /* Debug */ = {
			isa = XCBuildConfiguration;
			buildSettings = {
				ALWAYS_SEARCH_USER_PATHS = NO;
				CLANG_CXX_LANGUAGE_STANDARD = "gnu++0x";
				CLANG_CXX_LIBRARY = "libc++";
				CLANG_ENABLE_MODULES = YES;
				CLANG_ENABLE_OBJC_ARC = YES;
				CLANG_WARN_BOOL_CONVERSION = YES;
				CLANG_WARN_CONSTANT_CONVERSION = YES;
				CLANG_WARN_DIRECT_OBJC_ISA_USAGE = YES_ERROR;
				CLANG_WARN_EMPTY_BODY = YES;
				CLANG_WARN_ENUM_CONVERSION = YES;
				CLANG_WARN_INT_CONVERSION = YES;
				CLANG_WARN_OBJC_ROOT_CLASS = YES_ERROR;
				CLANG_WARN_UNREACHABLE_CODE = YES;
				CLANG_WARN__DUPLICATE_METHOD_MATCH = YES;
				"CODE_SIGN_IDENTITY[sdk=iphoneos*]" = "iPhone Developer";
				COPY_PHASE_STRIP = NO;
				DEBUG_INFORMATION_FORMAT = dwarf;
				ENABLE_STRICT_OBJC_MSGSEND = YES;
				ENABLE_TESTABILITY = YES;
				GCC_C_LANGUAGE_STANDARD = gnu99;
				GCC_DYNAMIC_NO_PIC = NO;
				GCC_NO_COMMON_BLOCKS = YES;
				GCC_OPTIMIZATION_LEVEL = 0;
				GCC_PREPROCESSOR_DEFINITIONS = (
					"DEBUG=1",
					"$(inherited)",
				);
				GCC_WARN_64_TO_32_BIT_CONVERSION = YES;
				GCC_WARN_ABOUT_RETURN_TYPE = YES_ERROR;
				GCC_WARN_UNDECLARED_SELECTOR = YES;
				GCC_WARN_UNINITIALIZED_AUTOS = YES_AGGRESSIVE;
				GCC_WARN_UNUSED_FUNCTION = YES;
				GCC_WARN_UNUSED_VARIABLE = YES;
				IPHONEOS_DEPLOYMENT_TARGET = 9.1;
				MTL_ENABLE_DEBUG_INFO = YES;
				ONLY_ACTIVE_ARCH = YES;
				SDKROOT = iphoneos;
			};
			name = Debug;
		};
		80E161841BF9FAA1005460C7 /* Release */ = {
			isa = XCBuildConfiguration;
			buildSettings = {
				ALWAYS_SEARCH_USER_PATHS = NO;
				CLANG_CXX_LANGUAGE_STANDARD = "gnu++0x";
				CLANG_CXX_LIBRARY = "libc++";
				CLANG_ENABLE_MODULES = YES;
				CLANG_ENABLE_OBJC_ARC = YES;
				CLANG_WARN_BOOL_CONVERSION = YES;
				CLANG_WARN_CONSTANT_CONVERSION = YES;
				CLANG_WARN_DIRECT_OBJC_ISA_USAGE = YES_ERROR;
				CLANG_WARN_EMPTY_BODY = YES;
				CLANG_WARN_ENUM_CONVERSION = YES;
				CLANG_WARN_INT_CONVERSION = YES;
				CLANG_WARN_OBJC_ROOT_CLASS = YES_ERROR;
				CLANG_WARN_UNREACHABLE_CODE = YES;
				CLANG_WARN__DUPLICATE_METHOD_MATCH = YES;
				"CODE_SIGN_IDENTITY[sdk=iphoneos*]" = "iPhone Developer";
				COPY_PHASE_STRIP = NO;
				DEBUG_INFORMATION_FORMAT = "dwarf-with-dsym";
				ENABLE_NS_ASSERTIONS = NO;
				ENABLE_STRICT_OBJC_MSGSEND = YES;
				GCC_C_LANGUAGE_STANDARD = gnu99;
				GCC_NO_COMMON_BLOCKS = YES;
				GCC_WARN_64_TO_32_BIT_CONVERSION = YES;
				GCC_WARN_ABOUT_RETURN_TYPE = YES_ERROR;
				GCC_WARN_UNDECLARED_SELECTOR = YES;
				GCC_WARN_UNINITIALIZED_AUTOS = YES_AGGRESSIVE;
				GCC_WARN_UNUSED_FUNCTION = YES;
				GCC_WARN_UNUSED_VARIABLE = YES;
				IPHONEOS_DEPLOYMENT_TARGET = 9.1;
				MTL_ENABLE_DEBUG_INFO = NO;
				SDKROOT = iphoneos;
				VALIDATE_PRODUCT = YES;
			};
			name = Release;
		};
		80E161861BF9FAA1005460C7 /* Debug */ = {
			isa = XCBuildConfiguration;
			buildSettings = {
				ASSETCATALOG_COMPILER_APPICON_NAME = AppIcon;
				CODE_SIGN_IDENTITY = "iPhone Developer";
				"CODE_SIGN_IDENTITY[sdk=iphoneos*]" = "iPhone Developer";
				INFOPLIST_FILE = BreastFeedingApplication/Info.plist;
				IPHONEOS_DEPLOYMENT_TARGET = 9.0;
				LD_RUNPATH_SEARCH_PATHS = "$(inherited) @executable_path/Frameworks";
				PRODUCT_BUNDLE_IDENTIFIER = edu.Gannon.BreastFeedingApplication;
				PRODUCT_NAME = "$(TARGET_NAME)";
				PROVISIONING_PROFILE = "";
				TARGETED_DEVICE_FAMILY = 1;
			};
			name = Debug;
		};
		80E161871BF9FAA1005460C7 /* Release */ = {
			isa = XCBuildConfiguration;
			buildSettings = {
				ASSETCATALOG_COMPILER_APPICON_NAME = AppIcon;
				CODE_SIGN_IDENTITY = "iPhone Developer";
				"CODE_SIGN_IDENTITY[sdk=iphoneos*]" = "iPhone Developer";
				INFOPLIST_FILE = BreastFeedingApplication/Info.plist;
				IPHONEOS_DEPLOYMENT_TARGET = 9.0;
				LD_RUNPATH_SEARCH_PATHS = "$(inherited) @executable_path/Frameworks";
				PRODUCT_BUNDLE_IDENTIFIER = edu.Gannon.BreastFeedingApplication;
				PRODUCT_NAME = "$(TARGET_NAME)";
				PROVISIONING_PROFILE = "";
				TARGETED_DEVICE_FAMILY = 1;
			};
			name = Release;
		};
		80E161891BF9FAA1005460C7 /* Debug */ = {
			isa = XCBuildConfiguration;
			buildSettings = {
				BUNDLE_LOADER = "$(TEST_HOST)";
				INFOPLIST_FILE = BreastFeedingApplicationTests/Info.plist;
				LD_RUNPATH_SEARCH_PATHS = "$(inherited) @executable_path/Frameworks @loader_path/Frameworks";
				PRODUCT_BUNDLE_IDENTIFIER = edu.Gannon.BreastFeedingApplicationTests;
				PRODUCT_NAME = "$(TARGET_NAME)";
				TEST_HOST = "$(BUILT_PRODUCTS_DIR)/BreastFeedingApplication.app/BreastFeedingApplication";
			};
			name = Debug;
		};
		80E1618A1BF9FAA1005460C7 /* Release */ = {
			isa = XCBuildConfiguration;
			buildSettings = {
				BUNDLE_LOADER = "$(TEST_HOST)";
				INFOPLIST_FILE = BreastFeedingApplicationTests/Info.plist;
				LD_RUNPATH_SEARCH_PATHS = "$(inherited) @executable_path/Frameworks @loader_path/Frameworks";
				PRODUCT_BUNDLE_IDENTIFIER = edu.Gannon.BreastFeedingApplicationTests;
				PRODUCT_NAME = "$(TARGET_NAME)";
				TEST_HOST = "$(BUILT_PRODUCTS_DIR)/BreastFeedingApplication.app/BreastFeedingApplication";
			};
			name = Release;
		};
		80E1618C1BF9FAA1005460C7 /* Debug */ = {
			isa = XCBuildConfiguration;
			buildSettings = {
				INFOPLIST_FILE = BreastFeedingApplicationUITests/Info.plist;
				LD_RUNPATH_SEARCH_PATHS = "$(inherited) @executable_path/Frameworks @loader_path/Frameworks";
				PRODUCT_BUNDLE_IDENTIFIER = edu.Gannon.BreastFeedingApplicationUITests;
				PRODUCT_NAME = "$(TARGET_NAME)";
				TEST_TARGET_NAME = BreastFeedingApplication;
				USES_XCTRUNNER = YES;
			};
			name = Debug;
		};
		80E1618D1BF9FAA1005460C7 /* Release */ = {
			isa = XCBuildConfiguration;
			buildSettings = {
				INFOPLIST_FILE = BreastFeedingApplicationUITests/Info.plist;
				LD_RUNPATH_SEARCH_PATHS = "$(inherited) @executable_path/Frameworks @loader_path/Frameworks";
				PRODUCT_BUNDLE_IDENTIFIER = edu.Gannon.BreastFeedingApplicationUITests;
				PRODUCT_NAME = "$(TARGET_NAME)";
				TEST_TARGET_NAME = BreastFeedingApplication;
				USES_XCTRUNNER = YES;
			};
			name = Release;
		};
/* End XCBuildConfiguration section */

/* Begin XCConfigurationList section */
		80E161501BF9FAA0005460C7 /* Build configuration list for PBXProject "BreastFeedingApplication" */ = {
			isa = XCConfigurationList;
			buildConfigurations = (
				80E161831BF9FAA1005460C7 /* Debug */,
				80E161841BF9FAA1005460C7 /* Release */,
			);
			defaultConfigurationIsVisible = 0;
			defaultConfigurationName = Release;
		};
		80E161851BF9FAA1005460C7 /* Build configuration list for PBXNativeTarget "BreastFeedingApplication" */ = {
			isa = XCConfigurationList;
			buildConfigurations = (
				80E161861BF9FAA1005460C7 /* Debug */,
				80E161871BF9FAA1005460C7 /* Release */,
			);
			defaultConfigurationIsVisible = 0;
			defaultConfigurationName = Release;
		};
		80E161881BF9FAA1005460C7 /* Build configuration list for PBXNativeTarget "BreastFeedingApplicationTests" */ = {
			isa = XCConfigurationList;
			buildConfigurations = (
				80E161891BF9FAA1005460C7 /* Debug */,
				80E1618A1BF9FAA1005460C7 /* Release */,
			);
			defaultConfigurationIsVisible = 0;
			defaultConfigurationName = Release;
		};
		80E1618B1BF9FAA1005460C7 /* Build configuration list for PBXNativeTarget "BreastFeedingApplicationUITests" */ = {
			isa = XCConfigurationList;
			buildConfigurations = (
				80E1618C1BF9FAA1005460C7 /* Debug */,
				80E1618D1BF9FAA1005460C7 /* Release */,
			);
			defaultConfigurationIsVisible = 0;
			defaultConfigurationName = Release;
		};
/* End XCConfigurationList section */
	};
	rootObject = 80E1614D1BF9FAA0005460C7 /* Project object */;
}
